fyne.io/fyne v1.2.4 h1:QN5GQEZ9FANvFxkIQLQ5qnmmpSwBAoDiH8hQiuz2Zyo=
fyne.io/fyne v1.2.4/go.mod h1:nsGex1XH/8p/kq6KiQV4bNu0XTKaFJRbZEOOj4fqJF8=
github.com/Kodeworks/golang-image-ico v0.0.0-20141118225523-73f0f4cfade9/go.mod h1:7uhhqiBaR4CpN0k9rMjOtjpcfGd6DG2m04zQxKnWQ0I=
github.com/Masterminds/goutils v1.1.0/go.mod h1:8cTjp+g8YejhMuvIA5y2vz3BpJxksy863GQaJW2MFNU=
github.com/Masterminds/semver v1.5.0/go.mod h1:MB6lktGJrhw8PrUyiEoblNEGEQ+RzHPF078ddwwvV3Y=
github.com/Masterminds/sprig v2.22.0+incompatible/go.mod h1:y6hNFY5UBTIWBxnzTeuNhlNS5hqE0NB0E6fgfo2Br3o=
github.com/akavel/rsrc v0.8.0/go.mod h1:uLoCtb9J+EyAqh+26kdrTgmzRBFPGOolLWKpdxkKq+c=
github.com/dave/jennifer v1.4.0/go.mod h1:fIb+770HOpJ2fmN9EPPKOqm1vMGhB+TwXKMZhrIygKg=
github.com/davecgh/go-spew v1.1.0/go.mod h1:J7Y8YcW2NihsgmVo/mv3lAwl/skON4iLHjSsI+c5H38=
github.com/fatih/structtag v1.2.0/go.mod h1:mBJUNpUnHmRKrKlQQlmCrh5PuhftFbNv8Ys4/aAZl94=
github.com/fsnotify/fsnotify v1.4.7 h1:IXs+QLmnXW2CcXuY+8Mzv/fWEsPGWxqefPtCP5CnV9I=
github.com/fsnotify/fsnotify v1.4.7/go.mod h1:jwhsz4b93w/PPRr/qN1Yymfu8t87LnFCMoQvtojpjFo=
github.com/fyne-io/mobile v0.0.1 h1:Skc/XcZy1ZNdBanhZB9D8114fU4K+kSi5QZXuG6JPeQ=
github.com/fyne-io/mobile v0.0.1/go.mod h1:/kOrWrZB6sasLbEy2JIvr4arEzQTXBTZGb3Y96yWbHY=
github.com/go-gl/gl v0.0.0-20190320180904-bf2b1f2f34d7 h1:SCYMcCJ89LjRGwEa0tRluNRiMjZHalQZrVrvTbPh+qw=
github.com/go-gl/gl v0.0.0-20190320180904-bf2b1f2f34d7/go.mod h1:482civXOzJJCPzJ4ZOX/pwvXBWSnzD4OKMdH4ClKGbk=
github.com/go-gl/glfw v0.0.0-20181213070059-819e8ce5125f h1:7MsFMbSn8Lcw0blK4+NEOf8DuHoOBDhJsHz04yh13pM=
github.com/go-gl/glfw v0.0.0-20181213070059-819e8ce5125f/go.mod h1:vR7hzQXu2zJy9AVAgeJqvqgH9Q5CA+iKCZ2gyEVpxRU=
github.com/goki/freetype v0.0.0-20181231101311-fa8a33aabaff h1:W71vTCKoxtdXgnm1ECDFkfQnpdqAO00zzGXLA5yaEX8=
github.com/goki/freetype v0.0.0-20181231101311-fa8a33aabaff/go.mod h1:wfqRWLHRBsRgkp5dmbG56SA0DmVtwrF5N3oPdI8t+Aw=
github.com/google/uuid v1.1.1/go.mod h1:TIyPZe4MgqvfeYDBFedMoGGpEw/LqOeaOT+nhxU+yHo=
github.com/gorilla/websocket v1.4.2 h1:+/TMaTYc4QFitKJxsQ7Yye35DkWvkdLcvGKqM+x0Ufc=
github.com/gorilla/websocket v1.4.2/go.mod h1:YR8l580nyteQvAITg2hZ9XVh4b55+EU/adAjf1fMHhE=
github.com/huandu/xstrings v1.3.0/go.mod h1:y5/lhBue+AyNmUVz9RLU9xbLR0o4KIIExikq4ovT0aE=
github.com/iancoleman/strcase v0.0.0-20191112232945-16388991a334/go.mod h1:SK73tn/9oHe+/Y0h39VT4UCxmurVJkR5NA7kMEAOgSE=
github.com/imdario/mergo v0.3.8/go.mod h1:2EnlNZ0deacrJVfApfmtdGgDfMuh/nq6Ok1EcJh5FfA=
github.com/jackmordaunt/icns v0.0.0-20181231085925-4f16af745526/go.mod h1:UQkeMHVoNcyXYq9otUupF7/h/2tmHlhrS2zw7ZVvUqc=
github.com/jessevdk/go-flags v1.4.1-0.20180331124232-1c38ed7ad0cc/go.mod h1:4FA24M0QyGHXBuZZK/XkWh8h0e1EYbRYJSGM75WSRxI=
github.com/jessevdk/go-flags v1.4.1-0.20181221193153-c0795c8afcf4 h1:xKkUL6QBojwguhKKetf1SocCAKqc6W7S/mGm9xEGllo=
github.com/jessevdk/go-flags v1.4.1-0.20181221193153-c0795c8afcf4/go.mod h1:4FA24M0QyGHXBuZZK/XkWh8h0e1EYbRYJSGM75WSRxI=
github.com/josephspurrier/goversioninfo v0.0.0-20190124120936-8611f5a5ff3f/go.mod h1:eJTEwMjXb7kZ633hO3Ln9mBUCOjX2+FlTljvpl9SYdE=
github.com/mitchellh/copystructure v1.0.0/go.mod h1:SNtv71yrdKgLRyLFxmLdkAbkKEFWgYaq1OVrnRcwhnw=
github.com/mitchellh/reflectwalk v1.0.0/go.mod h1:mSTlrgnPZtwu0c4WaC2kGObEpuNDbx0jmZXqmk4esnw=
github.com/nfnt/resize v0.0.0-20180221191011-83c6a9932646 h1:zYyBkD/k9seD2A7fsi6Oo2LfFZAehjjQMERAvZLEDnQ=
github.com/nfnt/resize v0.0.0-20180221191011-83c6a9932646/go.mod h1:jpp1/29i3P1S/RLdc7JQKbRpFeM1dOBd8T9ki5s+AY8=
github.com/phayes/permbits v0.0.0-20190612203442-39d7c581d2ee h1:P6U24L02WMfj9ymZTxl7CxS73JC99x3ukk+DBkgQGQs=
github.com/phayes/permbits v0.0.0-20190612203442-39d7c581d2ee/go.mod h1:3uODdxMgOaPYeWU7RzZLxVtJHZ/x1f/iHkBZuKJDzuY=
github.com/pkg/browser v0.0.0-20180916011732-0a3d74bf9ce4 h1:49lOXmGaUpV9Fz3gd7TFZY106KVlPVa5jcYD1gaQf98=
github.com/pkg/browser v0.0.0-20180916011732-0a3d74bf9ce4/go.mod h1:4OwLy04Bl9Ef3GJJCoec+30X3LQs/0/m4HFRt/2LUSA=
github.com/pkg/errors v0.8.0/go.mod h1:bwawxfHBFNV+L2hUp1rHADufV3IMtnDRdf1r5NINEl0=
github.com/pkg/errors v0.8.1/go.mod h1:bwawxfHBFNV+L2hUp1rHADufV3IMtnDRdf1r5NINEl0=
github.com/pmezard/go-difflib v1.0.0/go.mod h1:iKH77koFhYxTK1pcRnkKkqfTogsbg7gZNVY4sRDYZ/4=
github.com/reddec/godetector v0.0.0-20200420065712-f938e1104afe/go.mod h1:CzQ4Kf0yOsagWbBdC+5pRPJxMnL1uO3/7DimjqEr6Q8=
github.com/reddec/jsonrpc2 v0.1.18-0.20200514125425-e010095d0a08 h1:dLQ+Qk/Ke0b+5UQLM3PnAwSmXMkVgs/YQcDEWUcalMk=
github.com/reddec/jsonrpc2 v0.1.18-0.20200514125425-e010095d0a08/go.mod h1:heiBKpIJpxXGrQ3W9YKahxgfD6yCsnBsqBedjSOSTQI=
github.com/spf13/afero v1.1.2/go.mod h1:j4pytiNVoe2o6bmDsKpLACNPDBIoEAkihy7loJ1B0CQ=
github.com/spf13/pflag v1.0.3/go.mod h1:DYY7MBk1bdzusC3SYhjObp+wFpr4gzcvqqNjLnInEg4=
github.com/srwiley/oksvg v0.0.0-20200311192757-870daf9aa564 h1:HunZiaEKNGVdhTRQOVpMmj5MQnGnv+e8uZNu3xFLgyM=
github.com/srwiley/oksvg v0.0.0-20200311192757-870daf9aa564/go.mod h1:afMbS0qvv1m5tfENCwnOdZGOF8RGR/FsZ7bvBxQGZG4=
github.com/srwiley/rasterx v0.0.0-20181219215540-696f7edb7a7e h1:FFotfUvew9Eg02LYRl8YybAnm0HCwjjfY5JlOI1oB00=
github.com/srwiley/rasterx v0.0.0-20181219215540-696f7edb7a7e/go.mod h1:mvWM0+15UqyrFKqdRjY6LuAVJR0HOVhJlEgZ5JWtSWU=
github.com/stretchr/objx v0.1.0/go.mod h1:HFkY916IF+rwdDfMAkV7OtwuqBVzrE8GR6GFx+wExME=
github.com/stretchr/testify v1.3.1-0.20190311161405-34c6fa2dc709/go.mod h1:M5WIy9Dh21IEIfnGCwXGc5bZfKNJtfHm1UVUgZn+9EI=
github.com/stretchr/testify v1.5.1/go.mod h1:5W2xD1RspED5o8YsWQXVCued0rvSQ+mT+I5cxcmMvtA=
github.com/theckman/go-flock v0.7.1 h1:YdJyIjDuQdEU7voZ9YaeXSO4OnrxdI+WejPUwyZ/Txs=
github.com/theckman/go-flock v0.7.1/go.mod h1:kjuth3y9VJ2aNlkNEO99G/8lp9fMIKaGyBmh84IBheM=
github.com/tinc-boot/tincd v0.0.0-20200515052000-5a7bfe124f97 h1:4yLP0ceUVXNkHmUwO1c7GkF2JboCdhJAWWN3FTKjWvQ=
github.com/tinc-boot/tincd v0.0.0-20200515052000-5a7bfe124f97/go.mod h1:u3LBAW9fDGldmIA0YAYYyPxu6WzpVJ0U9HeW97e8f9c=
github.com/tinc-boot/tincd v0.0.0-20200515052442-6e48c93189b7 h1:ViiJG7aSkiKQ4qREIxwlpXaoFBCuuQtIyL92CnDyCuc=
github.com/tinc-boot/tincd v0.0.0-20200515052442-6e48c93189b7/go.mod h1:u3LBAW9fDGldmIA0YAYYyPxu6WzpVJ0U9HeW97e8f9c=
github.com/tinc-boot/tincd v0.0.0-20200515064617-4e72e024a568 h1:3m5lZ+7kKN1a0LbC/aXPOBFxX/3CBcgrZJwHUyqCZPg=
github.com/tinc-boot/tincd v0.0.0-20200515064617-4e72e024a568/go.mod h1:u3LBAW9fDGldmIA0YAYYyPxu6WzpVJ0U9HeW97e8f9c=
github.com/tinc-boot/tincd v0.0.0-20200515065324-fa0fa71708cc h1:eywViqmWZ9cvHnkoX6DamOoc3AG4TEM0JPwIuRmU3JA=
github.com/tinc-boot/tincd v0.0.0-20200515065324-fa0fa71708cc/go.mod h1:u3LBAW9fDGldmIA0YAYYyPxu6WzpVJ0U9HeW97e8f9c=
github.com/tinc-boot/tincd v0.0.0-20200515085740-f53da4eecdcb h1:Cud9h1peKCBqAKibJf1CVdm1mgbIWvPRAsIwkS9/j4Q=
github.com/tinc-boot/tincd v0.0.0-20200515085740-f53da4eecdcb/go.mod h1:u3LBAW9fDGldmIA0YAYYyPxu6WzpVJ0U9HeW97e8f9c=
github.com/tinc-boot/tincd v0.0.0-20200515132903-984c285faca0 h1:/0L1e6UeV7nGTejaQKiXVHxw0+2bVdcOECe0OJJGIEM=
github.com/tinc-boot/tincd v0.0.0-20200515132903-984c285faca0/go.mod h1:u3LBAW9fDGldmIA0YAYYyPxu6WzpVJ0U9HeW97e8f9c=
github.com/tinc-boot/tincd v0.0.0-20200515133916-de3e11c69e52 h1:vkHzNDsdRx8elREoh7odOmrPYGatkMew3Yfoe5TDWJY=
github.com/tinc-boot/tincd v0.0.0-20200515133916-de3e11c69e52/go.mod h1:u3LBAW9fDGldmIA0YAYYyPxu6WzpVJ0U9HeW97e8f9c=
github.com/tinc-boot/tincd v0.0.0-20200518072111-5cdaf3e74345 h1:xW7qPdq2ah0cfpYuX2klQNmr2CiM8sv8t2RD+iTZC3E=
github.com/tinc-boot/tincd v0.0.0-20200518072111-5cdaf3e74345/go.mod h1:u3LBAW9fDGldmIA0YAYYyPxu6WzpVJ0U9HeW97e8f9c=
github.com/tinc-boot/tincd v0.0.0-20200518073359-2f1ecebbc899 h1:KitUIaT8bvEH8yL2bJcfUe6dlFjDD3+5wPbHeBqTB+E=
github.com/tinc-boot/tincd v0.0.0-20200518073359-2f1ecebbc899/go.mod h1:u3LBAW9fDGldmIA0YAYYyPxu6WzpVJ0U9HeW97e8f9c=
github.com/tinc-boot/tincd v0.0.0-20200518074105-a14c3d23f18b h1:2C98VzbffZIvnjybdj0FC9sAWXDDPRYm+fDXHdOW+mI=
github.com/tinc-boot/tincd v0.0.0-20200518074105-a14c3d23f18b/go.mod h1:u3LBAW9fDGldmIA0YAYYyPxu6WzpVJ0U9HeW97e8f9c=
github.com/tinc-boot/tincd v0.0.0-20200518084530-0f53ed602c71 h1:F0+mQ27JI4JLaG1kIWoR9xisB5m3EDuQez5huNPzZqI=
github.com/tinc-boot/tincd v0.0.0-20200518084530-0f53ed602c71/go.mod h1:u3LBAW9fDGldmIA0YAYYyPxu6WzpVJ0U9HeW97e8f9c=
golang.org/x/crypto v0.0.0-20190308221718-c2843e01d9a2/go.mod h1:djNgcEr1/C05ACkg1iLfiJU5Ep61QUkGW8qpdssI0+w=
golang.org/x/crypto v0.0.0-20191011191535-87dc89f01550/go.mod h1:yigFU9vqHzYiE8UmvKecakEJjdnWj3jj499lnFckfCI=
golang.org/x/image v0.0.0-20190802002840-cff245a6509b h1:+qEpEAPhDZ1o0x3tHzZTQDArnOixOzGD9HUJfcg0mb4=
golang.org/x/image v0.0.0-20190802002840-cff245a6509b/go.mod h1:FeLwcggjj3mMvU+oOTbSwawSJRM1uh48EjtB4UJZlP0=
golang.org/x/mod v0.1.1-0.20191105210325-c90efee705ee/go.mod h1:QqPTAvyqsEbceGzBzNggFXnrqF1CaUcvgkdR5Ot7KZg=
golang.org/x/mod v0.1.1-0.20191209134235-331c550502dd/go.mod h1:s0Qsj1ACt9ePp/hMypM3fl4fZqREWJwdYDEqhRiZZUA=
golang.org/x/mod v0.2.0/go.mod h1:s0Qsj1ACt9ePp/hMypM3fl4fZqREWJwdYDEqhRiZZUA=
golang.org/x/net v0.0.0-20190404232315-eb5bcb51f2a3/go.mod h1:t9HGtf8HONx5eT2rtn7q6eTqICYqUVnKs3thJo3Qplg=
golang.org/x/net v0.0.0-20190620200207-3b0461eec859 h1:R/3boaszxrf1GEUWTVDzSKVwLmSJpwZ1yqXm8j0v2QI=
golang.org/x/net v0.0.0-20190620200207-3b0461eec859/go.mod h1:z5CRVTTTmAJ677TzLLGU+0bjPO0LkuOLi4/5GtJWs/s=
golang.org/x/sync v0.0.0-20190423024810-112230192c58/go.mod h1:RxMgew5VJxzue5/jJTE5uejpjVlOe/izrB70Jof72aM=
golang.org/x/sys v0.0.0-20190215142949-d0b11bdaac8a/go.mod h1:STP8DvDyc/dI5b8T5hshtkjS+E42TnysNCUPdjciGhY=
golang.org/x/sys v0.0.0-20190412213103-97732733099d/go.mod h1:h1NjWce9XRLGQEsW7wpKNCjG9DtNlClVuFLEZdDNbEs=
golang.org/x/sys v0.0.0-20190626221950-04f50cda93cb h1:fgwFCsaw9buMuxNd6+DQfAuSFqbNiQZpcgJQAgJsK6k=
golang.org/x/sys v0.0.0-20190626221950-04f50cda93cb/go.mod h1:h1NjWce9XRLGQEsW7wpKNCjG9DtNlClVuFLEZdDNbEs=
golang.org/x/text v0.3.0 h1:g61tztE5qeGQ89tm6NTjjM9VPIm088od1l6aSorWRWg=
golang.org/x/text v0.3.0/go.mod h1:NqM8EUOU14njkJ3fqMW+pc6Ldnwhi/IjpwHt7yyuwOQ=
golang.org/x/tools v0.0.0-20190808195139-e713427fea3f/go.mod h1:b+2E5dAYhXwXZwtnZ6UAqBI28+e2cm9otk0dWdXHAEo=
golang.org/x/tools v0.0.0-20191119224855-298f0cb1881e/go.mod h1:b+2E5dAYhXwXZwtnZ6UAqBI28+e2cm9otk0dWdXHAEo=
golang.org/x/tools v0.0.0-20200117012304-6edc0a871e69/go.mod h1:TB2adYChydJhpapKDTa4BR/hXlZSLoq2Wpct/0txZ28=
golang.org/x/xerrors v0.0.0-20190717185122-a985d3407aa7/go.mod h1:I/5z698sn9Ka8TeJc9MKroUUfqBBauWjQqLJ2OPfmY0=
golang.org/x/xerrors v0.0.0-20191011141410-1b5146add898/go.mod h1:I/5z698sn9Ka8TeJc9MKroUUfqBBauWjQqLJ2OPfmY0=
golang.org/x/xerrors v0.0.0-20191204190536-9bdfabe68543/go.mod h1:I/5z698sn9Ka8TeJc9MKroUUfqBBauWjQqLJ2OPfmY0=
gopkg.in/check.v1 v0.0.0-20161208181325-20d25e280405/go.mod h1:Co6ibVJAznAaIkqp8huTwlJQCZ016jof/cbN4VW5Yz0=
gopkg.in/yaml.v2 v2.2.2/go.mod h1:hI93XBmqTisBFMUTm0b8Fm+jr3Dg1NNxqwp+5A1VGuI=
gopkg.in/yaml.v2 v2.2.8/go.mod h1:hI93XBmqTisBFMUTm0b8Fm+jr3Dg1NNxqwp+5A1VGuI=
